{
  "requires": true,
  "lockfileVersion": 1,
  "dependencies": {
    "CSSselect": {
      "version": "https://registry.npmjs.org/CSSselect/-/CSSselect-0.4.1.tgz",
      "integrity": "sha1-+Kt+H4QYzmPNput713ioXX7EkrI=",
      "requires": {
        "CSSwhat": "https://registry.npmjs.org/CSSwhat/-/CSSwhat-0.4.7.tgz",
        "domutils": "https://registry.npmjs.org/domutils/-/domutils-1.4.3.tgz"
      },
      "dependencies": {
        "domutils": {
          "version": "https://registry.npmjs.org/domutils/-/domutils-1.4.3.tgz",
          "integrity": "sha1-CGVRN5bGswYDGFDhdVFrr4C3Km8=",
          "requires": {
            "domelementtype": "https://registry.npmjs.org/domelementtype/-/domelementtype-1.3.0.tgz"
          }
        }
      }
    },
    "CSSwhat": {
      "version": "https://registry.npmjs.org/CSSwhat/-/CSSwhat-0.4.7.tgz",
      "integrity": "sha1-hn2g/zn3eGEyQsRM/qg/CqTr35s="
    },
    "ansi-red": {
      "version": "https://registry.npmjs.org/ansi-red/-/ansi-red-0.1.1.tgz",
      "integrity": "sha1-jGOPnRCAgAo1PJwoyKgcpHBdlGw=",
      "requires": {
        "ansi-wrap": "https://registry.npmjs.org/ansi-wrap/-/ansi-wrap-0.1.0.tgz"
      }
    },
    "ansi-wrap": {
      "version": "https://registry.npmjs.org/ansi-wrap/-/ansi-wrap-0.1.0.tgz",
      "integrity": "sha1-qCJQ3bABXponyoLoLqYDu/pF768="
    },
    "argparse": {
      "version": "https://registry.npmjs.org/argparse/-/argparse-1.0.9.tgz",
      "integrity": "sha1-c9g7wmP4bpf4zE9rrhsOkKfSLIY=",
      "requires": {
        "sprintf-js": "https://registry.npmjs.org/sprintf-js/-/sprintf-js-1.0.3.tgz"
      }
    },
    "autolinker": {
      "version": "https://registry.npmjs.org/autolinker/-/autolinker-0.15.3.tgz",
      "integrity": "sha1-NCQX2PLzRhsUzwkIjV7fh5HcmDI="
    },
    "boolbase": {
      "version": "https://registry.npmjs.org/boolbase/-/boolbase-1.0.0.tgz",
      "integrity": "sha1-aN/1++YMUes3cl6p4+0xDcwed24="
    },
    "cheerio": {
      "version": "https://registry.npmjs.org/cheerio/-/cheerio-0.22.0.tgz",
      "integrity": "sha1-qbqoYKP5tZWmuBsahocxIe06Jp4=",
      "requires": {
        "css-select": "https://registry.npmjs.org/css-select/-/css-select-1.2.0.tgz",
        "dom-serializer": "https://registry.npmjs.org/dom-serializer/-/dom-serializer-0.1.0.tgz",
        "entities": "https://registry.npmjs.org/entities/-/entities-1.1.1.tgz",
        "htmlparser2": "https://registry.npmjs.org/htmlparser2/-/htmlparser2-3.9.2.tgz",
        "lodash.assignin": "https://registry.npmjs.org/lodash.assignin/-/lodash.assignin-4.2.0.tgz",
        "lodash.bind": "https://registry.npmjs.org/lodash.bind/-/lodash.bind-4.2.1.tgz",
        "lodash.defaults": "https://registry.npmjs.org/lodash.defaults/-/lodash.defaults-4.2.0.tgz",
        "lodash.filter": "https://registry.npmjs.org/lodash.filter/-/lodash.filter-4.6.0.tgz",
        "lodash.flatten": "https://registry.npmjs.org/lodash.flatten/-/lodash.flatten-4.4.0.tgz",
        "lodash.foreach": "https://registry.npmjs.org/lodash.foreach/-/lodash.foreach-4.5.0.tgz",
        "lodash.map": "https://registry.npmjs.org/lodash.map/-/lodash.map-4.6.0.tgz",
        "lodash.merge": "https://registry.npmjs.org/lodash.merge/-/lodash.merge-4.6.0.tgz",
        "lodash.pick": "https://registry.npmjs.org/lodash.pick/-/lodash.pick-4.4.0.tgz",
        "lodash.reduce": "https://registry.npmjs.org/lodash.reduce/-/lodash.reduce-4.6.0.tgz",
        "lodash.reject": "https://registry.npmjs.org/lodash.reject/-/lodash.reject-4.6.0.tgz",
        "lodash.some": "https://registry.npm.taobao.org/lodash.some/download/lodash.some-4.6.0.tgz"
      }
    },
    "clipboard": {
      "version": "https://registry.npmjs.org/clipboard/-/clipboard-1.7.1.tgz",
      "integrity": "sha1-Ng1taUbpmnof7zleQrqStem1oWs=",
      "requires": {
        "good-listener": "https://registry.npmjs.org/good-listener/-/good-listener-1.2.2.tgz",
        "select": "https://registry.npmjs.org/select/-/select-1.1.2.tgz",
        "tiny-emitter": "https://registry.npmjs.org/tiny-emitter/-/tiny-emitter-2.0.2.tgz"
      }
    },
    "coffee-script": {
      "version": "https://registry.npmjs.org/coffee-script/-/coffee-script-1.12.7.tgz",
      "integrity": "sha1-wF2uDLeVkdBbMHCoQzqYyaiczFM="
    },
    "concat-stream": {
      "version": "https://registry.npmjs.org/concat-stream/-/concat-stream-1.6.0.tgz",
      "integrity": "sha1-CqxmL9Ur54lk1VMvaUeE5wEQrPc=",
      "requires": {
        "inherits": "https://registry.npmjs.org/inherits/-/inherits-2.0.3.tgz",
        "readable-stream": "https://registry.npmjs.org/readable-stream/-/readable-stream-2.3.3.tgz",
        "typedarray": "https://registry.npmjs.org/typedarray/-/typedarray-0.0.6.tgz"
      }
    },
    "core-util-is": {
      "version": "https://registry.npmjs.org/core-util-is/-/core-util-is-1.0.2.tgz",
      "integrity": "sha1-tf1UIgqivFq1eqtxQMlAdUUDwac="
    },
    "css-select": {
      "version": "https://registry.npmjs.org/css-select/-/css-select-1.2.0.tgz",
      "integrity": "sha1-KzoRBTnFNV8c2NMUYj6HCxIeyFg=",
      "requires": {
        "boolbase": "https://registry.npmjs.org/boolbase/-/boolbase-1.0.0.tgz",
        "css-what": "https://registry.npmjs.org/css-what/-/css-what-2.1.0.tgz",
        "domutils": "https://registry.npmjs.org/domutils/-/domutils-1.5.1.tgz",
        "nth-check": "https://registry.npmjs.org/nth-check/-/nth-check-1.0.1.tgz"
      }
    },
    "css-what": {
      "version": "https://registry.npmjs.org/css-what/-/css-what-2.1.0.tgz",
      "integrity": "sha1-lGfQMsOM+u+58teVASUwYvh/ob0="
    },
    "delegate": {
      "version": "https://registry.npmjs.org/delegate/-/delegate-3.1.3.tgz",
      "integrity": "sha1-moJRp3fXAl+qVXN7w7BxdCEnqf0="
    },
    "diacritics-map": {
      "version": "https://registry.npmjs.org/diacritics-map/-/diacritics-map-0.1.0.tgz",
      "integrity": "sha1-bfwP+dAQAKLt8oZTccrDFulJd68="
    },
    "dom-serializer": {
      "version": "https://registry.npmjs.org/dom-serializer/-/dom-serializer-0.1.0.tgz",
      "integrity": "sha1-BzxpdUbOB4DOI75KKOKT5AvDDII=",
      "requires": {
        "domelementtype": "https://registry.npmjs.org/domelementtype/-/domelementtype-1.1.3.tgz",
        "entities": "https://registry.npmjs.org/entities/-/entities-1.1.1.tgz"
      },
      "dependencies": {
        "domelementtype": {
          "version": "https://registry.npmjs.org/domelementtype/-/domelementtype-1.1.3.tgz",
          "integrity": "sha1-vSh3PiZCiBrsUVRJJCmcXNgiGFs="
        }
      }
    },
    "domelementtype": {
      "version": "https://registry.npmjs.org/domelementtype/-/domelementtype-1.3.0.tgz",
      "integrity": "sha1-sXrtguirWeUt2cGbF1bg/BhyBMI="
    },
    "domhandler": {
      "version": "https://registry.npmjs.org/domhandler/-/domhandler-2.4.1.tgz",
      "integrity": "sha1-iS5HAAqZvlW783dP/qBWHYh5wlk=",
      "requires": {
        "domelementtype": "https://registry.npmjs.org/domelementtype/-/domelementtype-1.3.0.tgz"
      }
    },
    "domutils": {
      "version": "https://registry.npmjs.org/domutils/-/domutils-1.5.1.tgz",
      "integrity": "sha1-3NhIiib1Y9YQeeSMn3t+Mjc2gs8=",
      "requires": {
        "dom-serializer": "https://registry.npmjs.org/dom-serializer/-/dom-serializer-0.1.0.tgz",
        "domelementtype": "https://registry.npmjs.org/domelementtype/-/domelementtype-1.3.0.tgz"
      }
    },
    "emojify.js": {
      "version": "https://registry.npmjs.org/emojify.js/-/emojify.js-1.1.0.tgz",
      "integrity": "sha1-B5//IjMHyQB/VweF6OSTXVw5i+s="
    },
    "entities": {
      "version": "https://registry.npmjs.org/entities/-/entities-1.1.1.tgz",
      "integrity": "sha1-blwtClYhtdra7O+AuQ7ftc13cvA="
    },
    "esprima": {
      "version": "https://registry.npmjs.org/esprima/-/esprima-4.0.0.tgz",
      "integrity": "sha1-RJnt3NERDgshi6zy+n9/WfVcqAQ="
    },
    "expand-range": {
      "version": "https://registry.npmjs.org/expand-range/-/expand-range-1.8.2.tgz",
      "integrity": "sha1-opnv/TNf4nIeuujiV+x5ZE/IUzc=",
      "requires": {
        "fill-range": "https://registry.npmjs.org/fill-range/-/fill-range-2.2.3.tgz"
      }
    },
    "extend-shallow": {
      "version": "https://registry.npmjs.org/extend-shallow/-/extend-shallow-2.0.1.tgz",
      "integrity": "sha1-Ua99YUrZqfYQ6huvu5idaxxWiQ8=",
      "requires": {
        "is-extendable": "https://registry.npmjs.org/is-extendable/-/is-extendable-0.1.1.tgz"
      }
    },
    "fill-range": {
      "version": "https://registry.npmjs.org/fill-range/-/fill-range-2.2.3.tgz",
      "integrity": "sha1-ULd9/X5Gm8dJJHCWNpn+eoSFpyM=",
      "requires": {
        "is-number": "https://registry.npmjs.org/is-number/-/is-number-2.1.0.tgz",
        "isobject": "https://registry.npmjs.org/isobject/-/isobject-2.1.0.tgz",
        "randomatic": "https://registry.npmjs.org/randomatic/-/randomatic-1.1.7.tgz",
        "repeat-element": "https://registry.npmjs.org/repeat-element/-/repeat-element-1.1.2.tgz",
        "repeat-string": "https://registry.npmjs.org/repeat-string/-/repeat-string-1.6.1.tgz"
      }
    },
    "for-in": {
      "version": "https://registry.npmjs.org/for-in/-/for-in-1.0.2.tgz",
      "integrity": "sha1-gQaNKVqBQuwKxybG4iAMMPttXoA="
    },
    "gitbook-plugin-advanced-emoji": {
      "version": "https://registry.npmjs.org/gitbook-plugin-advanced-emoji/-/gitbook-plugin-advanced-emoji-0.2.2.tgz",
      "integrity": "sha1-CLzGn2KnSc1pIEQ1J2UYyUHDGeM=",
      "requires": {
        "emojify.js": "https://registry.npmjs.org/emojify.js/-/emojify.js-1.1.0.tgz"
      }
    },
    "gitbook-plugin-anchor-navigation-ex": {
      "version": "https://registry.npmjs.org/gitbook-plugin-anchor-navigation-ex/-/gitbook-plugin-anchor-navigation-ex-0.1.8.tgz",
      "integrity": "sha1-qCqM8VHU6U1LFwmhgEkv0/K3P6Y=",
      "requires": {
        "cheerio": "https://registry.npmjs.org/cheerio/-/cheerio-0.22.0.tgz",
        "github-slugid": "https://registry.npmjs.org/github-slugid/-/github-slugid-1.0.1.tgz"
      }
    },
    "gitbook-plugin-anchors": {
      "version": "https://registry.npmjs.org/gitbook-plugin-anchors/-/gitbook-plugin-anchors-0.7.1.tgz",
      "integrity": "sha1-j1hbmasaYC6nFDQiWMlXI4427II=",
      "requires": {
        "cheerio": "https://registry.npmjs.org/cheerio/-/cheerio-0.22.0.tgz",
        "github-slugid": "https://registry.npmjs.org/github-slugid/-/github-slugid-1.0.1.tgz"
      }
    },
    "gitbook-plugin-favicon": {
      "version": "https://registry.npmjs.org/gitbook-plugin-favicon/-/gitbook-plugin-favicon-0.0.2.tgz",
      "integrity": "sha1-s+QWQvFSr8bEU1/ZtjXf4xtMh3I="
    },
    "gitbook-plugin-multipart": {
      "version": "0.3.0",
      "resolved": "https://registry.npmjs.org/gitbook-plugin-multipart/-/gitbook-plugin-multipart-0.3.0.tgz",
      "integrity": "sha1-Y8j8DJG0ndryW1GjTvPPmHXcJXw=",
      "requires": {
        "cheerio": "0.17.0"
      },
      "dependencies": {
        "cheerio": {
          "version": "0.17.0",
          "resolved": "https://registry.npmjs.org/cheerio/-/cheerio-0.17.0.tgz",
          "integrity": "sha1-+lrkLMYBIRM9KW0LRtmDIV9yaOo=",
          "requires": {
            "CSSselect": "https://registry.npmjs.org/CSSselect/-/CSSselect-0.4.1.tgz",
            "dom-serializer": "0.0.1",
            "entities": "https://registry.npmjs.org/entities/-/entities-1.1.1.tgz",
            "htmlparser2": "3.7.3",
            "lodash": "2.4.2"
          }
        },
        "dom-serializer": {
          "version": "0.0.1",
          "resolved": "https://registry.npmjs.org/dom-serializer/-/dom-serializer-0.0.1.tgz",
          "integrity": "sha1-lYmCfx4y0iw3yCmtq9WbMkevjq8=",
          "requires": {
            "domelementtype": "1.1.3",
            "entities": "https://registry.npmjs.org/entities/-/entities-1.1.1.tgz"
          }
        },
        "domelementtype": {
          "version": "1.1.3",
          "resolved": "https://registry.npmjs.org/domelementtype/-/domelementtype-1.1.3.tgz",
          "integrity": "sha1-vSh3PiZCiBrsUVRJJCmcXNgiGFs="
        },
        "domhandler": {
          "version": "2.2.1",
          "resolved": "https://registry.npmjs.org/domhandler/-/domhandler-2.2.1.tgz",
          "integrity": "sha1-Wd+dzSJ+gIs2Wuc+H2aErD2Ub8I=",
          "requires": {
            "domelementtype": "1.1.3"
          }
        },
        "htmlparser2": {
          "version": "3.7.3",
          "resolved": "https://registry.npmjs.org/htmlparser2/-/htmlparser2-3.7.3.tgz",
          "integrity": "sha1-amTHdjfAjG8w7CqBV6UzM758sF4=",
          "requires": {
            "domelementtype": "1.1.3",
            "domhandler": "2.2.1",
            "domutils": "https://registry.npmjs.org/domutils/-/domutils-1.5.1.tgz",
            "entities": "1.0.0",
            "readable-stream": "1.1.14"
          },
          "dependencies": {
            "entities": {
              "version": "1.0.0",
              "resolved": "https://registry.npmjs.org/entities/-/entities-1.0.0.tgz",
              "integrity": "sha1-sph6o4ITR/zeZCsk/fyeT7cSvyY="
            }
          }
        },
        "isarray": {
          "version": "0.0.1",
          "resolved": "https://registry.npmjs.org/isarray/-/isarray-0.0.1.tgz",
          "integrity": "sha1-ihis/Kmo9Bd+Cav8YDiTmwXR7t8="
        },
        "lodash": {
          "version": "2.4.2",
          "resolved": "https://registry.npmjs.org/lodash/-/lodash-2.4.2.tgz",
          "integrity": "sha1-+t2DS5aDBz2hebPq5tnA0VBT9z4="
        },
        "readable-stream": {
          "version": "1.1.14",
          "resolved": "https://registry.npmjs.org/readable-stream/-/readable-stream-1.1.14.tgz",
          "integrity": "sha1-fPTFTvZI44EwhMY23SB54WbAgdk=",
          "requires": {
            "core-util-is": "https://registry.npmjs.org/core-util-is/-/core-util-is-1.0.2.tgz",
            "inherits": "https://registry.npmjs.org/inherits/-/inherits-2.0.3.tgz",
            "isarray": "0.0.1",
            "string_decoder": "0.10.31"
          }
        },
        "string_decoder": {
          "version": "0.10.31",
          "resolved": "https://registry.npmjs.org/string_decoder/-/string_decoder-0.10.31.tgz",
          "integrity": "sha1-YuIDvEF2bGwoyfyEMB2rHFMQ+pQ="
        }
      }
    },
    "gitbook-plugin-prism": {
      "version": "https://registry.npmjs.org/gitbook-plugin-prism/-/gitbook-plugin-prism-2.2.1.tgz",
      "integrity": "sha1-lk+09np+t3Wa8XvIyafVE/21Mcs=",
      "requires": {
        "cheerio": "https://registry.npmjs.org/cheerio/-/cheerio-0.22.0.tgz",
        "mkdirp": "https://registry.npmjs.org/mkdirp/-/mkdirp-0.5.1.tgz",
        "prismjs": "https://registry.npmjs.org/prismjs/-/prismjs-1.6.0.tgz"
      }
    },
    "gitbook-plugin-prism-themes": {
      "version": "https://registry.npmjs.org/gitbook-plugin-prism-themes/-/gitbook-plugin-prism-themes-0.0.2.tgz",
      "integrity": "sha1-/wUs4wfss3G4/3dizGoCZXWlSko=",
      "requires": {
        "prism-themes": "https://registry.npmjs.org/prism-themes/-/prism-themes-1.0.0.tgz"
      }
    },
    "gitbook-plugin-search-plus": {
      "version": "https://registry.npmjs.org/gitbook-plugin-search-plus/-/gitbook-plugin-search-plus-0.0.11.tgz",
      "integrity": "sha1-tddEREeU73GUr8OwsbJNwvQTatQ=",
      "requires": {
        "html-entities": "https://registry.npmjs.org/html-entities/-/html-entities-1.2.0.tgz"
      }
    },
    "gitbook-plugin-search-pro": {
      "version": "https://registry.npmjs.org/gitbook-plugin-search-pro/-/gitbook-plugin-search-pro-2.0.2.tgz",
      "integrity": "sha1-fOduj2XCBESJucaSc2sj+B/mofI=",
      "requires": {
        "html-entities": "https://registry.npmjs.org/html-entities/-/html-entities-1.2.0.tgz"
      }
    },
    "gitbook-plugin-simple-page-toc": {
      "version": "https://registry.npmjs.org/gitbook-plugin-simple-page-toc/-/gitbook-plugin-simple-page-toc-0.1.2.tgz",
      "integrity": "sha1-jpBMYlbPKuXlDAyl/JtEdZCZKL0=",
      "requires": {
        "markdown-toc": "https://registry.npmjs.org/markdown-toc/-/markdown-toc-1.1.0.tgz"
      }
    },
    "gitbook-plugin-tbfed-pagefooter": {
      "version": "https://registry.npmjs.org/gitbook-plugin-tbfed-pagefooter/-/gitbook-plugin-tbfed-pagefooter-0.0.1.tgz",
      "integrity": "sha1-Fu54QGLdhQQmTEd+h2X8ScQb7T0=",
      "requires": {
        "moment": "https://registry.npmjs.org/moment/-/moment-2.18.1.tgz"
      }
    },
    "gitbook-plugin-theme-comscore": {
      "version": "https://registry.npmjs.org/gitbook-plugin-theme-comscore/-/gitbook-plugin-theme-comscore-0.0.3.tgz",
      "integrity": "sha1-miVPpKNxNSkgleQ0TyWSErV4H+0="
    },
    "gitbook-plugin-todo": {
      "version": "https://registry.npmjs.org/gitbook-plugin-todo/-/gitbook-plugin-todo-0.1.3.tgz",
      "integrity": "sha1-5AkQtRwn3VVJVi70VUjEQVKeYF8=",
      "requires": {
        "cheerio": "https://registry.npmjs.org/cheerio/-/cheerio-0.19.0.tgz",
        "underscore": "https://registry.npmjs.org/underscore/-/underscore-1.8.3.tgz"
      },
      "dependencies": {
        "cheerio": {
          "version": "https://registry.npmjs.org/cheerio/-/cheerio-0.19.0.tgz",
          "integrity": "sha1-dy5wFfLuKZZQltcepBdbdas1SSU=",
          "requires": {
            "css-select": "https://registry.npmjs.org/css-select/-/css-select-1.0.0.tgz",
            "dom-serializer": "https://registry.npmjs.org/dom-serializer/-/dom-serializer-0.1.0.tgz",
            "entities": "https://registry.npmjs.org/entities/-/entities-1.1.1.tgz",
            "htmlparser2": "https://registry.npmjs.org/htmlparser2/-/htmlparser2-3.8.3.tgz",
            "lodash": "https://registry.npmjs.org/lodash/-/lodash-3.10.1.tgz"
          }
        },
        "css-select": {
          "version": "https://registry.npmjs.org/css-select/-/css-select-1.0.0.tgz",
          "integrity": "sha1-sRIcpRhI3SZOIkTQWM7iVN7rRLA=",
          "requires": {
            "boolbase": "https://registry.npmjs.org/boolbase/-/boolbase-1.0.0.tgz",
            "css-what": "https://registry.npmjs.org/css-what/-/css-what-1.0.0.tgz",
            "domutils": "https://registry.npmjs.org/domutils/-/domutils-1.4.3.tgz",
            "nth-check": "https://registry.npmjs.org/nth-check/-/nth-check-1.0.1.tgz"
          }
        },
        "css-what": {
          "version": "https://registry.npmjs.org/css-what/-/css-what-1.0.0.tgz",
          "integrity": "sha1-18wt9FGAZm+Z0rFEYmOUaeAPc2w="
        },
        "domhandler": {
          "version": "https://registry.npmjs.org/domhandler/-/domhandler-2.3.0.tgz",
          "integrity": "sha1-LeWaCCLVAn+r/28DLCsloqir5zg=",
          "requires": {
            "domelementtype": "https://registry.npmjs.org/domelementtype/-/domelementtype-1.3.0.tgz"
          }
        },
        "domutils": {
          "version": "https://registry.npmjs.org/domutils/-/domutils-1.4.3.tgz",
          "integrity": "sha1-CGVRN5bGswYDGFDhdVFrr4C3Km8=",
          "requires": {
            "domelementtype": "https://registry.npmjs.org/domelementtype/-/domelementtype-1.3.0.tgz"
          }
        },
        "htmlparser2": {
          "version": "https://registry.npmjs.org/htmlparser2/-/htmlparser2-3.8.3.tgz",
          "integrity": "sha1-mWwosZFRaovoZQGn15dX5ccMEGg=",
          "requires": {
            "domelementtype": "https://registry.npmjs.org/domelementtype/-/domelementtype-1.3.0.tgz",
            "domhandler": "https://registry.npmjs.org/domhandler/-/domhandler-2.3.0.tgz",
            "domutils": "https://registry.npmjs.org/domutils/-/domutils-1.5.1.tgz",
            "entities": "https://registry.npmjs.org/entities/-/entities-1.0.0.tgz",
            "readable-stream": "https://registry.npmjs.org/readable-stream/-/readable-stream-1.1.14.tgz"
          },
          "dependencies": {
            "domutils": {
              "version": "https://registry.npmjs.org/domutils/-/domutils-1.5.1.tgz",
              "integrity": "sha1-3NhIiib1Y9YQeeSMn3t+Mjc2gs8=",
              "requires": {
                "dom-serializer": "https://registry.npmjs.org/dom-serializer/-/dom-serializer-0.1.0.tgz",
                "domelementtype": "https://registry.npmjs.org/domelementtype/-/domelementtype-1.3.0.tgz"
              }
            },
            "entities": {
              "version": "https://registry.npmjs.org/entities/-/entities-1.0.0.tgz",
              "integrity": "sha1-sph6o4ITR/zeZCsk/fyeT7cSvyY="
            }
          }
        },
        "isarray": {
          "version": "https://registry.npmjs.org/isarray/-/isarray-0.0.1.tgz",
          "integrity": "sha1-ihis/Kmo9Bd+Cav8YDiTmwXR7t8="
        },
        "readable-stream": {
          "version": "https://registry.npmjs.org/readable-stream/-/readable-stream-1.1.14.tgz",
          "integrity": "sha1-fPTFTvZI44EwhMY23SB54WbAgdk=",
          "requires": {
            "core-util-is": "https://registry.npmjs.org/core-util-is/-/core-util-is-1.0.2.tgz",
            "inherits": "https://registry.npmjs.org/inherits/-/inherits-2.0.3.tgz",
            "isarray": "https://registry.npmjs.org/isarray/-/isarray-0.0.1.tgz",
            "string_decoder": "https://registry.npmjs.org/string_decoder/-/string_decoder-0.10.31.tgz"
          }
        },
        "string_decoder": {
          "version": "https://registry.npmjs.org/string_decoder/-/string_decoder-0.10.31.tgz",
          "integrity": "sha1-YuIDvEF2bGwoyfyEMB2rHFMQ+pQ="
        },
        "underscore": {
          "version": "https://registry.npmjs.org/underscore/-/underscore-1.8.3.tgz",
          "integrity": "sha1-Tz+1OxBuYJf8+ctBCfKl6b36UCI="
        }
      }
    },
    "gitbook-theme-comscore": {
      "version": "0.0.3",
      "resolved": "https://registry.npmjs.org/gitbook-theme-comscore/-/gitbook-theme-comscore-0.0.3.tgz",
      "integrity": "sha1-0ToaThMcYC6JK1dpYY7CNaI/taU="
    },
    "github-slugid": {
      "version": "https://registry.npmjs.org/github-slugid/-/github-slugid-1.0.1.tgz",
      "integrity": "sha1-vM3QgVv61p2KNZ+k/WWUfWBuw8A="
    },
    "good-listener": {
      "version": "https://registry.npmjs.org/good-listener/-/good-listener-1.2.2.tgz",
      "integrity": "sha1-1TswzfkxPf+33JoNR3CWqm0UXFA=",
      "requires": {
        "delegate": "https://registry.npmjs.org/delegate/-/delegate-3.1.3.tgz"
      }
    },
    "gray-matter": {
      "version": "https://registry.npmjs.org/gray-matter/-/gray-matter-2.1.1.tgz",
      "integrity": "sha1-MELZrewqHe1qdwep7SOA+KF6Qw4=",
      "requires": {
        "ansi-red": "https://registry.npmjs.org/ansi-red/-/ansi-red-0.1.1.tgz",
        "coffee-script": "https://registry.npmjs.org/coffee-script/-/coffee-script-1.12.7.tgz",
        "extend-shallow": "https://registry.npmjs.org/extend-shallow/-/extend-shallow-2.0.1.tgz",
        "js-yaml": "https://registry.npmjs.org/js-yaml/-/js-yaml-3.9.1.tgz",
        "toml": "https://registry.npmjs.org/toml/-/toml-2.3.2.tgz"
      }
    },
    "html-entities": {
      "version": "https://registry.npmjs.org/html-entities/-/html-entities-1.2.0.tgz",
      "integrity": "sha1-QZSMr4XOgv7Tbk5qDtNxpmZDeeI="
    },
    "htmlparser2": {
      "version": "https://registry.npmjs.org/htmlparser2/-/htmlparser2-3.9.2.tgz",
      "integrity": "sha1-G9+HrMoPP55T+k/M6w9LTLsAszg=",
      "requires": {
        "domelementtype": "https://registry.npmjs.org/domelementtype/-/domelementtype-1.3.0.tgz",
        "domhandler": "https://registry.npmjs.org/domhandler/-/domhandler-2.4.1.tgz",
        "domutils": "https://registry.npmjs.org/domutils/-/domutils-1.5.1.tgz",
        "entities": "https://registry.npmjs.org/entities/-/entities-1.1.1.tgz",
        "inherits": "https://registry.npmjs.org/inherits/-/inherits-2.0.3.tgz",
        "readable-stream": "https://registry.npmjs.org/readable-stream/-/readable-stream-2.3.3.tgz"
      }
    },
    "inherits": {
      "version": "https://registry.npmjs.org/inherits/-/inherits-2.0.3.tgz",
      "integrity": "sha1-Yzwsg+PaQqUC9SRmAiSA9CCCYd4="
    },
    "is-buffer": {
      "version": "https://registry.npm.taobao.org/is-buffer/download/is-buffer-1.1.5.tgz",
      "integrity": "sha1-Hzsm72E7IUuIy8ojzGwB2Hlh7sw="
    },
    "is-extendable": {
      "version": "https://registry.npmjs.org/is-extendable/-/is-extendable-0.1.1.tgz",
      "integrity": "sha1-YrEQ4omkcUGOPsNqYX1HLjAd/Ik="
    },
    "is-number": {
      "version": "https://registry.npmjs.org/is-number/-/is-number-2.1.0.tgz",
      "integrity": "sha1-Afy7s5NGOlSPL0ZszhbezknbkI8=",
      "requires": {
        "kind-of": "https://registry.npmjs.org/kind-of/-/kind-of-3.2.2.tgz"
      }
    },
    "isarray": {
      "version": "https://registry.npmjs.org/isarray/-/isarray-1.0.0.tgz",
      "integrity": "sha1-u5NdSFgsuhaMBoNJV6VKPgcSTxE="
    },
    "isobject": {
      "version": "https://registry.npmjs.org/isobject/-/isobject-2.1.0.tgz",
      "integrity": "sha1-8GVWEJaj8dou9GJy+BXIQNh+DIk=",
      "requires": {
        "isarray": "https://registry.npmjs.org/isarray/-/isarray-1.0.0.tgz"
      }
    },
    "js-yaml": {
      "version": "https://registry.npmjs.org/js-yaml/-/js-yaml-3.9.1.tgz",
      "integrity": "sha1-CHdc69/dNZIJ8NKs04PI+GppBKA=",
      "requires": {
        "argparse": "https://registry.npmjs.org/argparse/-/argparse-1.0.9.tgz",
        "esprima": "https://registry.npmjs.org/esprima/-/esprima-4.0.0.tgz"
      }
    },
    "kind-of": {
      "version": "https://registry.npmjs.org/kind-of/-/kind-of-3.2.2.tgz",
      "integrity": "sha1-MeohpzS6ubuw8yRm2JOupR5KPGQ=",
      "requires": {
        "is-buffer": "https://registry.npm.taobao.org/is-buffer/download/is-buffer-1.1.5.tgz"
      }
    },
    "lazy-cache": {
      "version": "https://registry.npmjs.org/lazy-cache/-/lazy-cache-2.0.2.tgz",
      "integrity": "sha1-uRkKT5EzVGlIQIWfio9whNiCImQ=",
      "requires": {
        "set-getter": "https://registry.npmjs.org/set-getter/-/set-getter-0.1.0.tgz"
      }
    },
    "list-item": {
      "version": "https://registry.npmjs.org/list-item/-/list-item-1.1.1.tgz",
      "integrity": "sha1-DGXQDih8tmPMs8s4Sad+iewmilY=",
      "requires": {
        "expand-range": "https://registry.npmjs.org/expand-range/-/expand-range-1.8.2.tgz",
        "extend-shallow": "https://registry.npmjs.org/extend-shallow/-/extend-shallow-2.0.1.tgz",
        "is-number": "https://registry.npmjs.org/is-number/-/is-number-2.1.0.tgz",
        "repeat-string": "https://registry.npmjs.org/repeat-string/-/repeat-string-1.6.1.tgz"
      }
    },
    "lodash": {
      "version": "https://registry.npmjs.org/lodash/-/lodash-3.10.1.tgz",
      "integrity": "sha1-W/Rejkm6QYnhfUgnid/RW9FAt7Y="
    },
    "lodash.assignin": {
      "version": "https://registry.npmjs.org/lodash.assignin/-/lodash.assignin-4.2.0.tgz",
      "integrity": "sha1-uo31+4QesKPoBEIysOJjqNxqKKI="
    },
    "lodash.bind": {
      "version": "https://registry.npmjs.org/lodash.bind/-/lodash.bind-4.2.1.tgz",
      "integrity": "sha1-euMBfpOWIqwxt9fX3LGzTbFpDTU="
    },
    "lodash.defaults": {
      "version": "https://registry.npmjs.org/lodash.defaults/-/lodash.defaults-4.2.0.tgz",
      "integrity": "sha1-0JF4cW/+pN3p5ft7N/bwgCJ0WAw="
    },
    "lodash.filter": {
      "version": "https://registry.npmjs.org/lodash.filter/-/lodash.filter-4.6.0.tgz",
      "integrity": "sha1-ZosdSYFgOuHMWm+nYBQ+SAtMSs4="
    },
    "lodash.flatten": {
      "version": "https://registry.npmjs.org/lodash.flatten/-/lodash.flatten-4.4.0.tgz",
      "integrity": "sha1-8xwiIlqWMtK7+OSt2+8kCqdlph8="
    },
    "lodash.foreach": {
      "version": "https://registry.npmjs.org/lodash.foreach/-/lodash.foreach-4.5.0.tgz",
      "integrity": "sha1-Gmo16s5AEoDH8G3d7DUWWrJ+PlM="
    },
    "lodash.map": {
      "version": "https://registry.npmjs.org/lodash.map/-/lodash.map-4.6.0.tgz",
      "integrity": "sha1-dx7Hg540c9nEzeKLGTlMNWL09tM="
    },
    "lodash.merge": {
      "version": "https://registry.npmjs.org/lodash.merge/-/lodash.merge-4.6.0.tgz",
      "integrity": "sha1-aYhLoUSsM/5plzemCG3v+t0PicU="
    },
    "lodash.pick": {
      "version": "https://registry.npmjs.org/lodash.pick/-/lodash.pick-4.4.0.tgz",
      "integrity": "sha1-UvBWEP/53tQiYRRB7R/BI6AwAbM="
    },
    "lodash.reduce": {
      "version": "https://registry.npmjs.org/lodash.reduce/-/lodash.reduce-4.6.0.tgz",
      "integrity": "sha1-8atrg5KZrUj3hKu/R2WW8DuRTTs="
    },
    "lodash.reject": {
      "version": "https://registry.npmjs.org/lodash.reject/-/lodash.reject-4.6.0.tgz",
      "integrity": "sha1-gNZJLcFHCGS79YNTO2UfQqn1JBU="
    },
    "lodash.some": {
      "version": "https://registry.npm.taobao.org/lodash.some/download/lodash.some-4.6.0.tgz",
      "integrity": "sha1-G7nzFO9ri63tE7VJFpsqlF62jk0="
    },
    "markdown-link": {
      "version": "https://registry.npmjs.org/markdown-link/-/markdown-link-0.1.1.tgz",
      "integrity": "sha1-MsXGUZmmRXMWMi0eQinRNAfIx88="
    },
    "markdown-toc": {
      "version": "https://registry.npmjs.org/markdown-toc/-/markdown-toc-1.1.0.tgz",
      "integrity": "sha1-GORyN9iVSelEcSHmniyoU8otdSo=",
      "requires": {
        "concat-stream": "https://registry.npmjs.org/concat-stream/-/concat-stream-1.6.0.tgz",
        "diacritics-map": "https://registry.npmjs.org/diacritics-map/-/diacritics-map-0.1.0.tgz",
        "gray-matter": "https://registry.npmjs.org/gray-matter/-/gray-matter-2.1.1.tgz",
        "lazy-cache": "https://registry.npmjs.org/lazy-cache/-/lazy-cache-2.0.2.tgz",
        "list-item": "https://registry.npmjs.org/list-item/-/list-item-1.1.1.tgz",
        "markdown-link": "https://registry.npmjs.org/markdown-link/-/markdown-link-0.1.1.tgz",
        "minimist": "https://registry.npmjs.org/minimist/-/minimist-1.2.0.tgz",
        "mixin-deep": "https://registry.npmjs.org/mixin-deep/-/mixin-deep-1.2.0.tgz",
        "object.pick": "https://registry.npmjs.org/object.pick/-/object.pick-1.3.0.tgz",
        "remarkable": "https://registry.npmjs.org/remarkable/-/remarkable-1.7.1.tgz",
        "repeat-string": "https://registry.npmjs.org/repeat-string/-/repeat-string-1.6.1.tgz",
        "strip-color": "https://registry.npmjs.org/strip-color/-/strip-color-0.1.0.tgz"
      }
    },
    "minimist": {
      "version": "https://registry.npmjs.org/minimist/-/minimist-1.2.0.tgz",
      "integrity": "sha1-o1AIsg9BOD7sH7kU9M1d95omQoQ="
    },
    "mixin-deep": {
      "version": "https://registry.npmjs.org/mixin-deep/-/mixin-deep-1.2.0.tgz",
      "integrity": "sha1-0CuMb4ttS49ZgtP9AJxJGYUcP+I=",
      "requires": {
        "for-in": "https://registry.npmjs.org/for-in/-/for-in-1.0.2.tgz",
        "is-extendable": "https://registry.npmjs.org/is-extendable/-/is-extendable-0.1.1.tgz"
      }
    },
    "mkdirp": {
      "version": "https://registry.npmjs.org/mkdirp/-/mkdirp-0.5.1.tgz",
      "integrity": "sha1-MAV0OOrGz3+MR2fzhkjWaX11yQM=",
      "requires": {
        "minimist": "https://registry.npmjs.org/minimist/-/minimist-0.0.8.tgz"
      },
      "dependencies": {
        "minimist": {
          "version": "https://registry.npmjs.org/minimist/-/minimist-0.0.8.tgz",
          "integrity": "sha1-hX/Kv8M5fSYluCKCYuhqp6ARsF0="
        }
      }
    },
    "moment": {
      "version": "https://registry.npmjs.org/moment/-/moment-2.18.1.tgz",
      "integrity": "sha1-w2GT3Tzhwu7SrbfIAtu8d6gbHA8="
    },
    "nth-check": {
      "version": "https://registry.npmjs.org/nth-check/-/nth-check-1.0.1.tgz",
      "integrity": "sha1-mSms32KPwsQQmN6rgqxYDPFJquQ=",
      "requires": {
        "boolbase": "https://registry.npmjs.org/boolbase/-/boolbase-1.0.0.tgz"
      }
    },
    "object.pick": {
      "version": "https://registry.npmjs.org/object.pick/-/object.pick-1.3.0.tgz",
      "integrity": "sha1-h6EKxMFpS9Lhy/U1kaZhQftd10c=",
      "requires": {
        "isobject": "https://registry.npmjs.org/isobject/-/isobject-3.0.1.tgz"
      },
      "dependencies": {
        "isobject": {
          "version": "https://registry.npmjs.org/isobject/-/isobject-3.0.1.tgz",
          "integrity": "sha1-TkMekrEalzFjaqH5yNHMvP2reN8="
        }
      }
    },
    "prism-themes": {
      "version": "https://registry.npmjs.org/prism-themes/-/prism-themes-1.0.0.tgz",
      "integrity": "sha1-WAiVR+053yc+UZXhYoxpF3NBv4g="
    },
    "prismjs": {
      "version": "https://registry.npmjs.org/prismjs/-/prismjs-1.6.0.tgz",
      "integrity": "sha1-EY2V+3pm26InLjQ7NF9SNmWds2U=",
      "requires": {
        "clipboard": "https://registry.npmjs.org/clipboard/-/clipboard-1.7.1.tgz"
      }
    },
    "process-nextick-args": {
      "version": "https://registry.npmjs.org/process-nextick-args/-/process-nextick-args-1.0.7.tgz",
      "integrity": "sha1-FQ4gt1ZZCtP5EJPyWk8q2L/zC6M="
    },
    "randomatic": {
      "version": "https://registry.npmjs.org/randomatic/-/randomatic-1.1.7.tgz",
      "integrity": "sha1-x6vpzIuHwLqodrGf3oP9RkeX44w=",
      "requires": {
        "is-number": "https://registry.npmjs.org/is-number/-/is-number-3.0.0.tgz",
        "kind-of": "https://registry.npmjs.org/kind-of/-/kind-of-4.0.0.tgz"
      },
      "dependencies": {
        "is-number": {
          "version": "https://registry.npmjs.org/is-number/-/is-number-3.0.0.tgz",
          "integrity": "sha1-JP1iAaR4LPUFYcgQJ2r8fRLXEZU=",
          "requires": {
            "kind-of": "https://registry.npmjs.org/kind-of/-/kind-of-3.2.2.tgz"
          },
          "dependencies": {
            "kind-of": {
              "version": "https://registry.npmjs.org/kind-of/-/kind-of-3.2.2.tgz",
              "integrity": "sha1-MeohpzS6ubuw8yRm2JOupR5KPGQ=",
              "requires": {
                "is-buffer": "https://registry.npm.taobao.org/is-buffer/download/is-buffer-1.1.5.tgz"
              }
            }
          }
        },
        "kind-of": {
          "version": "https://registry.npmjs.org/kind-of/-/kind-of-4.0.0.tgz",
          "integrity": "sha1-IIE989cSkosgc3hpGkUGb65y3Vc=",
          "requires": {
            "is-buffer": "https://registry.npm.taobao.org/is-buffer/download/is-buffer-1.1.5.tgz"
          }
        }
      }
    },
    "readable-stream": {
      "version": "https://registry.npmjs.org/readable-stream/-/readable-stream-2.3.3.tgz",
      "integrity": "sha1-No8lEtefnUb9/HE0mueHi7weuVw=",
      "requires": {
        "core-util-is": "https://registry.npmjs.org/core-util-is/-/core-util-is-1.0.2.tgz",
        "inherits": "https://registry.npmjs.org/inherits/-/inherits-2.0.3.tgz",
        "isarray": "https://registry.npmjs.org/isarray/-/isarray-1.0.0.tgz",
        "process-nextick-args": "https://registry.npmjs.org/process-nextick-args/-/process-nextick-args-1.0.7.tgz",
        "safe-buffer": "https://registry.npmjs.org/safe-buffer/-/safe-buffer-5.1.1.tgz",
        "string_decoder": "https://registry.npmjs.org/string_decoder/-/string_decoder-1.0.3.tgz",
        "util-deprecate": "https://registry.npmjs.org/util-deprecate/-/util-deprecate-1.0.2.tgz"
      }
    },
    "remarkable": {
      "version": "https://registry.npmjs.org/remarkable/-/remarkable-1.7.1.tgz",
      "integrity": "sha1-qspJchALZqZCpjoQIcpLrBvjv/Y=",
      "requires": {
        "argparse": "https://registry.npmjs.org/argparse/-/argparse-0.1.16.tgz",
        "autolinker": "https://registry.npmjs.org/autolinker/-/autolinker-0.15.3.tgz"
      },
      "dependencies": {
        "argparse": {
          "version": "https://registry.npmjs.org/argparse/-/argparse-0.1.16.tgz",
          "integrity": "sha1-z9AeD7uj1srtBJ+9dY1A9lGW9Xw=",
          "requires": {
            "underscore": "https://registry.npm.taobao.org/underscore/download/underscore-1.7.0.tgz",
            "underscore.string": "https://registry.npmjs.org/underscore.string/-/underscore.string-2.4.0.tgz"
          }
        }
      }
    },
    "repeat-element": {
      "version": "https://registry.npmjs.org/repeat-element/-/repeat-element-1.1.2.tgz",
      "integrity": "sha1-7wiaF40Ug7quTZPrmLT55OEdmQo="
    },
    "repeat-string": {
      "version": "https://registry.npmjs.org/repeat-string/-/repeat-string-1.6.1.tgz",
      "integrity": "sha1-jcrkcOHIirwtYA//Sndihtp15jc="
    },
    "safe-buffer": {
      "version": "https://registry.npmjs.org/safe-buffer/-/safe-buffer-5.1.1.tgz",
      "integrity": "sha1-iTMSr2myEj3vcfV4iQAWce6yyFM="
    },
    "select": {
      "version": "https://registry.npmjs.org/select/-/select-1.1.2.tgz",
      "integrity": "sha1-DnNQrN7ICxEIUoeG7B1EGNEbOW0="
    },
    "set-getter": {
      "version": "https://registry.npmjs.org/set-getter/-/set-getter-0.1.0.tgz",
      "integrity": "sha1-12nBgsnVpR9AkUXy+6guXoboA3Y=",
      "requires": {
        "to-object-path": "https://registry.npmjs.org/to-object-path/-/to-object-path-0.3.0.tgz"
      }
    },
    "sprintf-js": {
      "version": "https://registry.npmjs.org/sprintf-js/-/sprintf-js-1.0.3.tgz",
      "integrity": "sha1-BOaSb2YolTVPPdAVIDYzuFcpfiw="
    },
    "string_decoder": {
      "version": "https://registry.npmjs.org/string_decoder/-/string_decoder-1.0.3.tgz",
      "integrity": "sha1-D8Z9fBQYJd6UKC3VNr7GubzoYKs=",
      "requires": {
        "safe-buffer": "https://registry.npmjs.org/safe-buffer/-/safe-buffer-5.1.1.tgz"
      }
    },
    "strip-color": {
      "version": "https://registry.npmjs.org/strip-color/-/strip-color-0.1.0.tgz",
      "integrity": "sha1-EG9l09PmotlAHKwOsM6LinArT3s="
    },
    "tiny-emitter": {
      "version": "https://registry.npmjs.org/tiny-emitter/-/tiny-emitter-2.0.2.tgz",
      "integrity": "sha1-gtJ0aKylrejl/R5tIrV91D69+3w="
    },
    "to-object-path": {
      "version": "https://registry.npmjs.org/to-object-path/-/to-object-path-0.3.0.tgz",
      "integrity": "sha1-KXWIt7Dn4KwI4E5nL4XB9JmeF68=",
      "requires": {
        "kind-of": "https://registry.npmjs.org/kind-of/-/kind-of-3.2.2.tgz"
      }
    },
    "toml": {
      "version": "https://registry.npmjs.org/toml/-/toml-2.3.2.tgz",
      "integrity": "sha1-Xt7VykKIeSSUn9BusOlVZWAB6DQ="
    },
    "typedarray": {
      "version": "https://registry.npmjs.org/typedarray/-/typedarray-0.0.6.tgz",
      "integrity": "sha1-hnrHTjhkGHsdPUfZlqeOxciDB3c="
    },
    "underscore": {
      "version": "https://registry.npm.taobao.org/underscore/download/underscore-1.7.0.tgz",
      "integrity": "sha1-a7rwh3UA02vjTsqlhODbn+8DUgk="
    },
    "underscore.string": {
      "version": "https://registry.npmjs.org/underscore.string/-/underscore.string-2.4.0.tgz",
      "integrity": "sha1-jN2PusTi0uoefi6Al8QvRCKA+Fs="
    },
    "util-deprecate": {
      "version": "https://registry.npmjs.org/util-deprecate/-/util-deprecate-1.0.2.tgz",
      "integrity": "sha1-RQ1Nyfpw3nMnYvvS1KKJgUGaDM8="
    }
  }
}
